{
  "version": 4,
  "terraform_version": "0.12.9",
  "serial": 21,
  "lineage": "0e823510-1e0c-5da5-a39b-2e30ea2034c5",
  "outputs": {
    "network_ip_mongo": {
      "value": "10.128.0.17",
      "type": "string"
    },
    "network_ip_production": {
      "value": "10.128.0.18",
      "type": "string"
    }
  },
  "resources": [
    {
      "mode": "managed",
      "type": "google_compute_firewall",
      "name": "mongo-db",
      "provider": "provider.google",
      "instances": [
        {
          "schema_version": 1,
          "attributes": {
            "allow": [
              {
                "ports": [
                  "27017"
                ],
                "protocol": "tcp"
              }
            ],
            "creation_timestamp": "2019-10-02T15:42:02.386-07:00",
            "deny": [],
            "description": "",
            "destination_ranges": [],
            "direction": "INGRESS",
            "disabled": false,
            "id": "mongo-db",
            "name": "mongo-db",
            "network": "https://www.googleapis.com/compute/v1/projects/project-for-terraform/global/networks/default",
            "priority": 1000,
            "project": "project-for-terraform",
            "self_link": "https://www.googleapis.com/compute/v1/projects/project-for-terraform/global/firewalls/mongo-db",
            "source_ranges": [
              "0.0.0.0/0"
            ],
            "source_service_accounts": null,
            "source_tags": null,
            "target_service_accounts": null,
            "target_tags": [
              "mongo-db"
            ],
            "timeouts": null
          },
          "private": "eyJlMmJmYjczMC1lY2FhLTExZTYtOGY4OC0zNDM2M2JjN2M0YzAiOnsiY3JlYXRlIjoyNDAwMDAwMDAwMDAsImRlbGV0ZSI6MjQwMDAwMDAwMDAwLCJ1cGRhdGUiOjI0MDAwMDAwMDAwMH0sInNjaGVtYV92ZXJzaW9uIjoiMSJ9"
        }
      ]
    },
    {
      "mode": "managed",
      "type": "google_compute_firewall",
      "name": "prod-8081",
      "provider": "provider.google",
      "instances": [
        {
          "schema_version": 1,
          "attributes": {
            "allow": [
              {
                "ports": [
                  "8081"
                ],
                "protocol": "tcp"
              }
            ],
            "creation_timestamp": "2019-10-02T15:42:02.431-07:00",
            "deny": [],
            "description": "",
            "destination_ranges": [],
            "direction": "INGRESS",
            "disabled": false,
            "id": "prod-8081",
            "name": "prod-8081",
            "network": "https://www.googleapis.com/compute/v1/projects/project-for-terraform/global/networks/default",
            "priority": 1000,
            "project": "project-for-terraform",
            "self_link": "https://www.googleapis.com/compute/v1/projects/project-for-terraform/global/firewalls/prod-8081",
            "source_ranges": [
              "0.0.0.0/0"
            ],
            "source_service_accounts": null,
            "source_tags": null,
            "target_service_accounts": null,
            "target_tags": [
              "prod-8081"
            ],
            "timeouts": null
          },
          "private": "eyJlMmJmYjczMC1lY2FhLTExZTYtOGY4OC0zNDM2M2JjN2M0YzAiOnsiY3JlYXRlIjoyNDAwMDAwMDAwMDAsImRlbGV0ZSI6MjQwMDAwMDAwMDAwLCJ1cGRhdGUiOjI0MDAwMDAwMDAwMH0sInNjaGVtYV92ZXJzaW9uIjoiMSJ9"
        }
      ]
    },
    {
      "mode": "managed",
      "type": "google_compute_instance",
      "name": "mongo-db",
      "provider": "provider.google",
      "instances": [
        {
          "schema_version": 6,
          "attributes": {
            "allow_stopping_for_update": null,
            "attached_disk": [],
            "boot_disk": [
              {
                "auto_delete": true,
                "device_name": "persistent-disk-0",
                "disk_encryption_key_raw": "",
                "disk_encryption_key_sha256": "",
                "initialize_params": [
                  {
                    "image": "https://www.googleapis.com/compute/v1/projects/centos-cloud/global/images/centos-7-v20190905",
                    "labels": {},
                    "size": 10,
                    "type": "pd-standard"
                  }
                ],
                "kms_key_self_link": "",
                "mode": "READ_WRITE",
                "source": "https://www.googleapis.com/compute/v1/projects/project-for-terraform/zones/us-central1-a/disks/mongo-db"
              }
            ],
            "can_ip_forward": false,
            "cpu_platform": "Intel Haswell",
            "deletion_protection": false,
            "description": "",
            "disk": [],
            "guest_accelerator": [],
            "hostname": "",
            "id": "mongo-db",
            "instance_id": "2557877829852764500",
            "label_fingerprint": "42WmSpB8rSM=",
            "labels": null,
            "machine_type": "g1-small",
            "metadata": {
              "ssh-keys": "Gin:ssh-rsa AAAAB3NzaC1yc2EAAAADAQABAAABAQDAGvFwuHdn/xcqyq4rkq2QzyAefJ9iSXF2BaV1alsdnmjpPrMeQOLozudWe97Qa4x8Pw6aXQqHtWfGZ46jSGE9hZvci2cdq8BqY8drtSDwVpqeKJ/b+Rpt7fA/BWmgqm6bgj760WU+2HrSZ3JhvzF8YT72Pq0QGDmIsY74/TCIBKQe/vEyB6Sq9EAJqKcLGNt0YXG5XdtcUkOnhQvjXhGCWMezPuFNbXV+5zIMhRprTASYfrj28ga1v3ub4GGXgyA76xyLQCNxt4J/ODgF+ZTztZFOdkw3ybyzGObTcU5h65Ba8cBE6vhvOrfSISVeoMMogpbO77/zPx/EbhrDZT6h Gin@Gin-PC\n"
            },
            "metadata_fingerprint": "4QhGAyjP2bE=",
            "metadata_startup_script": "",
            "min_cpu_platform": "",
            "name": "mongo-db",
            "network_interface": [
              {
                "access_config": [
                  {
                    "assigned_nat_ip": "",
                    "nat_ip": "35.238.37.220",
                    "network_tier": "PREMIUM",
                    "public_ptr_domain_name": ""
                  }
                ],
                "address": "",
                "alias_ip_range": [],
                "name": "nic0",
                "network": "https://www.googleapis.com/compute/v1/projects/project-for-terraform/global/networks/default",
                "network_ip": "10.128.0.17",
                "subnetwork": "https://www.googleapis.com/compute/v1/projects/project-for-terraform/regions/us-central1/subnetworks/default",
                "subnetwork_project": "project-for-terraform"
              }
            ],
            "project": "project-for-terraform",
            "scheduling": [
              {
                "automatic_restart": true,
                "node_affinities": [],
                "on_host_maintenance": "MIGRATE",
                "preemptible": false
              }
            ],
            "scratch_disk": [],
            "self_link": "https://www.googleapis.com/compute/v1/projects/project-for-terraform/zones/us-central1-a/instances/mongo-db",
            "service_account": [],
            "shielded_instance_config": [],
            "tags": [
              "mongo-db"
            ],
            "tags_fingerprint": "TiwJm6H9fWw=",
            "timeouts": null,
            "zone": "us-central1-a"
          },
          "private": "eyJlMmJmYjczMC1lY2FhLTExZTYtOGY4OC0zNDM2M2JjN2M0YzAiOnsiY3JlYXRlIjoxMjAwMDAwMDAwMDAwLCJkZWxldGUiOjEyMDAwMDAwMDAwMDAsInVwZGF0ZSI6MTIwMDAwMDAwMDAwMH0sInNjaGVtYV92ZXJzaW9uIjoiNiJ9"
        }
      ]
    },
    {
      "mode": "managed",
      "type": "google_compute_instance",
      "name": "production",
      "provider": "provider.google",
      "instances": [
        {
          "schema_version": 6,
          "attributes": {
            "allow_stopping_for_update": null,
            "attached_disk": [],
            "boot_disk": [
              {
                "auto_delete": true,
                "device_name": "persistent-disk-0",
                "disk_encryption_key_raw": "",
                "disk_encryption_key_sha256": "",
                "initialize_params": [
                  {
                    "image": "https://www.googleapis.com/compute/v1/projects/centos-cloud/global/images/centos-7-v20190905",
                    "labels": {},
                    "size": 10,
                    "type": "pd-standard"
                  }
                ],
                "kms_key_self_link": "",
                "mode": "READ_WRITE",
                "source": "https://www.googleapis.com/compute/v1/projects/project-for-terraform/zones/us-central1-a/disks/production"
              }
            ],
            "can_ip_forward": false,
            "cpu_platform": "Intel Haswell",
            "deletion_protection": false,
            "description": "",
            "disk": [],
            "guest_accelerator": [],
            "hostname": "",
            "id": "production",
            "instance_id": "2589053459856136532",
            "label_fingerprint": "42WmSpB8rSM=",
            "labels": null,
            "machine_type": "g1-small",
            "metadata": {
              "ssh-keys": "Gin:ssh-rsa AAAAB3NzaC1yc2EAAAADAQABAAABAQDAGvFwuHdn/xcqyq4rkq2QzyAefJ9iSXF2BaV1alsdnmjpPrMeQOLozudWe97Qa4x8Pw6aXQqHtWfGZ46jSGE9hZvci2cdq8BqY8drtSDwVpqeKJ/b+Rpt7fA/BWmgqm6bgj760WU+2HrSZ3JhvzF8YT72Pq0QGDmIsY74/TCIBKQe/vEyB6Sq9EAJqKcLGNt0YXG5XdtcUkOnhQvjXhGCWMezPuFNbXV+5zIMhRprTASYfrj28ga1v3ub4GGXgyA76xyLQCNxt4J/ODgF+ZTztZFOdkw3ybyzGObTcU5h65Ba8cBE6vhvOrfSISVeoMMogpbO77/zPx/EbhrDZT6h Gin@Gin-PC\n"
            },
            "metadata_fingerprint": "4QhGAyjP2bE=",
            "metadata_startup_script": "",
            "min_cpu_platform": "",
            "name": "production",
            "network_interface": [
              {
                "access_config": [
                  {
                    "assigned_nat_ip": "",
                    "nat_ip": "34.69.89.236",
                    "network_tier": "PREMIUM",
                    "public_ptr_domain_name": ""
                  }
                ],
                "address": "",
                "alias_ip_range": [],
                "name": "nic0",
                "network": "https://www.googleapis.com/compute/v1/projects/project-for-terraform/global/networks/default",
                "network_ip": "10.128.0.18",
                "subnetwork": "https://www.googleapis.com/compute/v1/projects/project-for-terraform/regions/us-central1/subnetworks/default",
                "subnetwork_project": "project-for-terraform"
              }
            ],
            "project": "project-for-terraform",
            "scheduling": [
              {
                "automatic_restart": true,
                "node_affinities": [],
                "on_host_maintenance": "MIGRATE",
                "preemptible": false
              }
            ],
            "scratch_disk": [],
            "self_link": "https://www.googleapis.com/compute/v1/projects/project-for-terraform/zones/us-central1-a/instances/production",
            "service_account": [],
            "shielded_instance_config": [],
            "tags": [
              "http-server",
              "prod-8081"
            ],
            "tags_fingerprint": "pnL5HH4m-Dc=",
            "timeouts": null,
            "zone": "us-central1-a"
          },
          "private": "eyJlMmJmYjczMC1lY2FhLTExZTYtOGY4OC0zNDM2M2JjN2M0YzAiOnsiY3JlYXRlIjoxMjAwMDAwMDAwMDAwLCJkZWxldGUiOjEyMDAwMDAwMDAwMDAsInVwZGF0ZSI6MTIwMDAwMDAwMDAwMH0sInNjaGVtYV92ZXJzaW9uIjoiNiJ9"
        }
      ]
    },
    {
      "mode": "managed",
      "type": "null_resource",
      "name": "mongo-db-provider",
      "provider": "provider.null",
      "instances": [
        {
          "schema_version": 0,
          "attributes": {
            "id": "4448431978539667164",
            "triggers": null
          },
          "private": "bnVsbA==",
          "depends_on": [
            "google_compute_instance.mongo-db"
          ]
        }
      ]
    },
    {
      "mode": "managed",
      "type": "null_resource",
      "name": "production-provider",
      "provider": "provider.null",
      "instances": [
        {
          "schema_version": 0,
          "attributes": {
            "id": "3446273234518894974",
            "triggers": null
          },
          "private": "bnVsbA==",
          "depends_on": [
            "google_compute_instance.production"
          ]
        }
      ]
    }
  ]
}
